// !$*UTF8*$!
{
	archiveVersion = 1;
	classes = {
	};
	objectVersion = 50;
	objects = {

/* Begin PBXBuildFile section */
		7C559678215CFE9600A3363B /* UserProfileViewController.swift in Sources */ = {isa = PBXBuildFile; fileRef = 7C559677215CFE9600A3363B /* UserProfileViewController.swift */; };
		7C55967A215CFEB300A3363B /* UserProfileViewModel.swift in Sources */ = {isa = PBXBuildFile; fileRef = 7C559679215CFEB300A3363B /* UserProfileViewModel.swift */; };
		7C55967C215CFECE00A3363B /* EditProfileViewController.swift in Sources */ = {isa = PBXBuildFile; fileRef = 7C55967B215CFECE00A3363B /* EditProfileViewController.swift */; };
		7C55967E215CFEE100A3363B /* EditProfileViewModel.swift in Sources */ = {isa = PBXBuildFile; fileRef = 7C55967D215CFEE100A3363B /* EditProfileViewModel.swift */; };
		7C559681215D015000A3363B /* SignupFieldsViewController.swift in Sources */ = {isa = PBXBuildFile; fileRef = 7C559680215D015000A3363B /* SignupFieldsViewController.swift */; };
		7C559683215D016900A3363B /* SignupFieldsViewModel.swift in Sources */ = {isa = PBXBuildFile; fileRef = 7C559682215D016900A3363B /* SignupFieldsViewModel.swift */; };
		7C559685215D04F600A3363B /* Extentions.swift in Sources */ = {isa = PBXBuildFile; fileRef = 7C559684215D04F600A3363B /* Extentions.swift */; };
		7C559687215D17F500A3363B /* Enums.swift in Sources */ = {isa = PBXBuildFile; fileRef = 7C559686215D17F500A3363B /* Enums.swift */; };
		7C559689215D209900A3363B /* ViewControllersFactory.swift in Sources */ = {isa = PBXBuildFile; fileRef = 7C559688215D209900A3363B /* ViewControllersFactory.swift */; };
		7C55968B215EC43300A3363B /* NetworkManager.swift in Sources */ = {isa = PBXBuildFile; fileRef = 7C55968A215EC43300A3363B /* NetworkManager.swift */; };
		7C55968D215EC53900A3363B /* Alamofire+rx.swift in Sources */ = {isa = PBXBuildFile; fileRef = 7C55968C215EC53900A3363B /* Alamofire+rx.swift */; };
		7C55968F215FD4E000A3363B /* UserManager.swift in Sources */ = {isa = PBXBuildFile; fileRef = 7C55968E215FD4E000A3363B /* UserManager.swift */; };
		7C5596922160134800A3363B /* AccountViewController.swift in Sources */ = {isa = PBXBuildFile; fileRef = 7C5596912160134800A3363B /* AccountViewController.swift */; };
		7C5596942160137D00A3363B /* AccountViewModel.swift in Sources */ = {isa = PBXBuildFile; fileRef = 7C5596932160137D00A3363B /* AccountViewModel.swift */; };
		7CF4C343215CD92400AB96E3 /* AppDelegate.swift in Sources */ = {isa = PBXBuildFile; fileRef = 7CF4C342215CD92400AB96E3 /* AppDelegate.swift */; };
		7CF4C345215CD92400AB96E3 /* SignUpViewController.swift in Sources */ = {isa = PBXBuildFile; fileRef = 7CF4C344215CD92400AB96E3 /* SignUpViewController.swift */; };
		7CF4C348215CD92400AB96E3 /* Main.storyboard in Resources */ = {isa = PBXBuildFile; fileRef = 7CF4C346215CD92400AB96E3 /* Main.storyboard */; };
		7CF4C34A215CD92600AB96E3 /* Assets.xcassets in Resources */ = {isa = PBXBuildFile; fileRef = 7CF4C349215CD92600AB96E3 /* Assets.xcassets */; };
		7CF4C34D215CD92600AB96E3 /* LaunchScreen.storyboard in Resources */ = {isa = PBXBuildFile; fileRef = 7CF4C34B215CD92600AB96E3 /* LaunchScreen.storyboard */; };
		7CF4C355215CD9A000AB96E3 /* PodFile in Resources */ = {isa = PBXBuildFile; fileRef = 7CF4C354215CD9A000AB96E3 /* PodFile */; };
		7CF4C358215CE3A700AB96E3 /* SignUpViewModel.swift in Sources */ = {isa = PBXBuildFile; fileRef = 7CF4C357215CE3A700AB96E3 /* SignUpViewModel.swift */; };
		7CF4C35B215CE3BF00AB96E3 /* User.swift in Sources */ = {isa = PBXBuildFile; fileRef = 7CF4C35A215CE3BF00AB96E3 /* User.swift */; };
		B856D91AFD0FD089112FBC0A /* Pods_RxDemoApp.framework in Frameworks */ = {isa = PBXBuildFile; fileRef = 0D32D8BB80D94DE580914F5C /* Pods_RxDemoApp.framework */; };
/* End PBXBuildFile section */

/* Begin PBXFileReference section */
		0D32D8BB80D94DE580914F5C /* Pods_RxDemoApp.framework */ = {isa = PBXFileReference; explicitFileType = wrapper.framework; includeInIndex = 0; path = Pods_RxDemoApp.framework; sourceTree = BUILT_PRODUCTS_DIR; };
		7C559677215CFE9600A3363B /* UserProfileViewController.swift */ = {isa = PBXFileReference; lastKnownFileType = sourcecode.swift; path = UserProfileViewController.swift; sourceTree = "<group>"; };
		7C559679215CFEB300A3363B /* UserProfileViewModel.swift */ = {isa = PBXFileReference; lastKnownFileType = sourcecode.swift; path = UserProfileViewModel.swift; sourceTree = "<group>"; };
		7C55967B215CFECE00A3363B /* EditProfileViewController.swift */ = {isa = PBXFileReference; lastKnownFileType = sourcecode.swift; path = EditProfileViewController.swift; sourceTree = "<group>"; };
		7C55967D215CFEE100A3363B /* EditProfileViewModel.swift */ = {isa = PBXFileReference; lastKnownFileType = sourcecode.swift; path = EditProfileViewModel.swift; sourceTree = "<group>"; };
		7C559680215D015000A3363B /* SignupFieldsViewController.swift */ = {isa = PBXFileReference; lastKnownFileType = sourcecode.swift; path = SignupFieldsViewController.swift; sourceTree = "<group>"; };
		7C559682215D016900A3363B /* SignupFieldsViewModel.swift */ = {isa = PBXFileReference; lastKnownFileType = sourcecode.swift; path = SignupFieldsViewModel.swift; sourceTree = "<group>"; };
		7C559684215D04F600A3363B /* Extentions.swift */ = {isa = PBXFileReference; lastKnownFileType = sourcecode.swift; path = Extentions.swift; sourceTree = "<group>"; };
		7C559686215D17F500A3363B /* Enums.swift */ = {isa = PBXFileReference; lastKnownFileType = sourcecode.swift; path = Enums.swift; sourceTree = "<group>"; };
		7C559688215D209900A3363B /* ViewControllersFactory.swift */ = {isa = PBXFileReference; lastKnownFileType = sourcecode.swift; path = ViewControllersFactory.swift; sourceTree = "<group>"; };
		7C55968A215EC43300A3363B /* NetworkManager.swift */ = {isa = PBXFileReference; lastKnownFileType = sourcecode.swift; path = NetworkManager.swift; sourceTree = "<group>"; };
		7C55968C215EC53900A3363B /* Alamofire+rx.swift */ = {isa = PBXFileReference; lastKnownFileType = sourcecode.swift; path = "Alamofire+rx.swift"; sourceTree = "<group>"; };
		7C55968E215FD4E000A3363B /* UserManager.swift */ = {isa = PBXFileReference; lastKnownFileType = sourcecode.swift; path = UserManager.swift; sourceTree = "<group>"; };
		7C5596912160134800A3363B /* AccountViewController.swift */ = {isa = PBXFileReference; lastKnownFileType = sourcecode.swift; path = AccountViewController.swift; sourceTree = "<group>"; };
		7C5596932160137D00A3363B /* AccountViewModel.swift */ = {isa = PBXFileReference; lastKnownFileType = sourcecode.swift; path = AccountViewModel.swift; sourceTree = "<group>"; };
		7CF4C33F215CD92400AB96E3 /* RxDemoApp.app */ = {isa = PBXFileReference; explicitFileType = wrapper.application; includeInIndex = 0; path = RxDemoApp.app; sourceTree = BUILT_PRODUCTS_DIR; };
		7CF4C342215CD92400AB96E3 /* AppDelegate.swift */ = {isa = PBXFileReference; lastKnownFileType = sourcecode.swift; path = AppDelegate.swift; sourceTree = "<group>"; };
		7CF4C344215CD92400AB96E3 /* SignUpViewController.swift */ = {isa = PBXFileReference; lastKnownFileType = sourcecode.swift; path = SignUpViewController.swift; sourceTree = "<group>"; };
		7CF4C347215CD92400AB96E3 /* Base */ = {isa = PBXFileReference; lastKnownFileType = file.storyboard; name = Base; path = Base.lproj/Main.storyboard; sourceTree = "<group>"; };
		7CF4C349215CD92600AB96E3 /* Assets.xcassets */ = {isa = PBXFileReference; lastKnownFileType = folder.assetcatalog; path = Assets.xcassets; sourceTree = "<group>"; };
		7CF4C34C215CD92600AB96E3 /* Base */ = {isa = PBXFileReference; lastKnownFileType = file.storyboard; name = Base; path = Base.lproj/LaunchScreen.storyboard; sourceTree = "<group>"; };
		7CF4C34E215CD92600AB96E3 /* Info.plist */ = {isa = PBXFileReference; lastKnownFileType = text.plist.xml; path = Info.plist; sourceTree = "<group>"; };
		7CF4C354215CD9A000AB96E3 /* PodFile */ = {isa = PBXFileReference; lastKnownFileType = text; path = PodFile; sourceTree = "<group>"; };
		7CF4C357215CE3A700AB96E3 /* SignUpViewModel.swift */ = {isa = PBXFileReference; lastKnownFileType = sourcecode.swift; path = SignUpViewModel.swift; sourceTree = "<group>"; };
		7CF4C35A215CE3BF00AB96E3 /* User.swift */ = {isa = PBXFileReference; lastKnownFileType = sourcecode.swift; path = User.swift; sourceTree = "<group>"; };
		87DFDAABD63C09CD13F7F8CC /* Pods-RxDemoApp.release.xcconfig */ = {isa = PBXFileReference; includeInIndex = 1; lastKnownFileType = text.xcconfig; name = "Pods-RxDemoApp.release.xcconfig"; path = "Pods/Target Support Files/Pods-RxDemoApp/Pods-RxDemoApp.release.xcconfig"; sourceTree = "<group>"; };
		B91247757C83C1C47C380CA1 /* Pods-RxDemoApp.debug.xcconfig */ = {isa = PBXFileReference; includeInIndex = 1; lastKnownFileType = text.xcconfig; name = "Pods-RxDemoApp.debug.xcconfig"; path = "Pods/Target Support Files/Pods-RxDemoApp/Pods-RxDemoApp.debug.xcconfig"; sourceTree = "<group>"; };
/* End PBXFileReference section */

/* Begin PBXFrameworksBuildPhase section */
		7CF4C33C215CD92400AB96E3 /* Frameworks */ = {
			isa = PBXFrameworksBuildPhase;
			buildActionMask = 2147483647;
			files = (
				B856D91AFD0FD089112FBC0A /* Pods_RxDemoApp.framework in Frameworks */,
			);
			runOnlyForDeploymentPostprocessing = 0;
		};
/* End PBXFrameworksBuildPhase section */

/* Begin PBXGroup section */
		7C559675215CFE7500A3363B /* UserProfile */ = {
			isa = PBXGroup;
			children = (
				7C559677215CFE9600A3363B /* UserProfileViewController.swift */,
				7C559679215CFEB300A3363B /* UserProfileViewModel.swift */,
			);
			path = UserProfile;
			sourceTree = "<group>";
		};
		7C559676215CFE8200A3363B /* EditProfile */ = {
			isa = PBXGroup;
			children = (
				7C55967B215CFECE00A3363B /* EditProfileViewController.swift */,
				7C55967D215CFEE100A3363B /* EditProfileViewModel.swift */,
			);
			path = EditProfile;
			sourceTree = "<group>";
		};
		7C55967F215D013000A3363B /* SignupFields */ = {
			isa = PBXGroup;
			children = (
				7C559680215D015000A3363B /* SignupFieldsViewController.swift */,
				7C559682215D016900A3363B /* SignupFieldsViewModel.swift */,
			);
			path = SignupFields;
			sourceTree = "<group>";
		};
		7C559690215FE9B800A3363B /* Account */ = {
			isa = PBXGroup;
			children = (
				7C5596912160134800A3363B /* AccountViewController.swift */,
				7C5596932160137D00A3363B /* AccountViewModel.swift */,
			);
			path = Account;
			sourceTree = "<group>";
		};
		7CF4C336215CD92400AB96E3 = {
			isa = PBXGroup;
			children = (
				7CF4C354215CD9A000AB96E3 /* PodFile */,
				7CF4C341215CD92400AB96E3 /* RxDemoApp */,
				7CF4C340215CD92400AB96E3 /* Products */,
				A45BB42E5778BD207F795B12 /* Pods */,
				81FCEF9426CAC74CF2BCB03E /* Frameworks */,
			);
			sourceTree = "<group>";
		};
		7CF4C340215CD92400AB96E3 /* Products */ = {
			isa = PBXGroup;
			children = (
				7CF4C33F215CD92400AB96E3 /* RxDemoApp.app */,
			);
			name = Products;
			sourceTree = "<group>";
		};
		7CF4C341215CD92400AB96E3 /* RxDemoApp */ = {
			isa = PBXGroup;
			children = (
				7C559690215FE9B800A3363B /* Account */,
				7C55967F215D013000A3363B /* SignupFields */,
				7C559676215CFE8200A3363B /* EditProfile */,
				7C559675215CFE7500A3363B /* UserProfile */,
				7CF4C359215CE3AC00AB96E3 /* User */,
				7CF4C356215CE38700AB96E3 /* SignUp */,
				7CF4C342215CD92400AB96E3 /* AppDelegate.swift */,
				7C559684215D04F600A3363B /* Extentions.swift */,
				7C559686215D17F500A3363B /* Enums.swift */,
				7C559688215D209900A3363B /* ViewControllersFactory.swift */,
				7C55968A215EC43300A3363B /* NetworkManager.swift */,
				7C55968C215EC53900A3363B /* Alamofire+rx.swift */,
				7CF4C346215CD92400AB96E3 /* Main.storyboard */,
				7CF4C349215CD92600AB96E3 /* Assets.xcassets */,
				7CF4C34B215CD92600AB96E3 /* LaunchScreen.storyboard */,
				7CF4C34E215CD92600AB96E3 /* Info.plist */,
			);
			path = RxDemoApp;
			sourceTree = "<group>";
		};
		7CF4C356215CE38700AB96E3 /* SignUp */ = {
			isa = PBXGroup;
			children = (
				7CF4C344215CD92400AB96E3 /* SignUpViewController.swift */,
				7CF4C357215CE3A700AB96E3 /* SignUpViewModel.swift */,
			);
			path = SignUp;
			sourceTree = "<group>";
		};
		7CF4C359215CE3AC00AB96E3 /* User */ = {
			isa = PBXGroup;
			children = (
				7CF4C35A215CE3BF00AB96E3 /* User.swift */,
				7C55968E215FD4E000A3363B /* UserManager.swift */,
			);
			path = User;
			sourceTree = "<group>";
		};
		81FCEF9426CAC74CF2BCB03E /* Frameworks */ = {
			isa = PBXGroup;
			children = (
				0D32D8BB80D94DE580914F5C /* Pods_RxDemoApp.framework */,
			);
			name = Frameworks;
			sourceTree = "<group>";
		};
		A45BB42E5778BD207F795B12 /* Pods */ = {
			isa = PBXGroup;
			children = (
				B91247757C83C1C47C380CA1 /* Pods-RxDemoApp.debug.xcconfig */,
				87DFDAABD63C09CD13F7F8CC /* Pods-RxDemoApp.release.xcconfig */,
			);
			name = Pods;
			sourceTree = "<group>";
		};
/* End PBXGroup section */

/* Begin PBXNativeTarget section */
		7CF4C33E215CD92400AB96E3 /* RxDemoApp */ = {
			isa = PBXNativeTarget;
			buildConfigurationList = 7CF4C351215CD92600AB96E3 /* Build configuration list for PBXNativeTarget "RxDemoApp" */;
			buildPhases = (
				23154ECEABA56FB2AF9AD578 /* [CP] Check Pods Manifest.lock */,
				7CF4C33B215CD92400AB96E3 /* Sources */,
				7CF4C33C215CD92400AB96E3 /* Frameworks */,
				7CF4C33D215CD92400AB96E3 /* Resources */,
				9D5B01C375D55BB961FC47EF /* [CP] Embed Pods Frameworks */,
			);
			buildRules = (
			);
			dependencies = (
			);
			name = RxDemoApp;
			productName = RxDemoApp;
			productReference = 7CF4C33F215CD92400AB96E3 /* RxDemoApp.app */;
			productType = "com.apple.product-type.application";
		};
/* End PBXNativeTarget section */

/* Begin PBXProject section */
		7CF4C337215CD92400AB96E3 /* Project object */ = {
			isa = PBXProject;
			attributes = {
				LastSwiftUpdateCheck = 1000;
				LastUpgradeCheck = 1000;
				ORGANIZATIONNAME = "Oleg Tsibulevsky";
				TargetAttributes = {
					7CF4C33E215CD92400AB96E3 = {
						CreatedOnToolsVersion = 10.0;
					};
				};
			};
			buildConfigurationList = 7CF4C33A215CD92400AB96E3 /* Build configuration list for PBXProject "RxDemoApp" */;
			compatibilityVersion = "Xcode 9.3";
			developmentRegion = en;
			hasScannedForEncodings = 0;
			knownRegions = (
				en,
				Base,
			);
			mainGroup = 7CF4C336215CD92400AB96E3;
			productRefGroup = 7CF4C340215CD92400AB96E3 /* Products */;
			projectDirPath = "";
			projectRoot = "";
			targets = (
				7CF4C33E215CD92400AB96E3 /* RxDemoApp */,
			);
		};
/* End PBXProject section */

/* Begin PBXResourcesBuildPhase section */
		7CF4C33D215CD92400AB96E3 /* Resources */ = {
			isa = PBXResourcesBuildPhase;
			buildActionMask = 2147483647;
			files = (
				7CF4C34D215CD92600AB96E3 /* LaunchScreen.storyboard in Resources */,
				7CF4C34A215CD92600AB96E3 /* Assets.xcassets in Resources */,
				7CF4C355215CD9A000AB96E3 /* PodFile in Resources */,
				7CF4C348215CD92400AB96E3 /* Main.storyboard in Resources */,
			);
			runOnlyForDeploymentPostprocessing = 0;
		};
/* End PBXResourcesBuildPhase section */

/* Begin PBXShellScriptBuildPhase section */
		23154ECEABA56FB2AF9AD578 /* [CP] Check Pods Manifest.lock */ = {
			isa = PBXShellScriptBuildPhase;
			buildActionMask = 2147483647;
			files = (
			);
			inputPaths = (
				"${PODS_PODFILE_DIR_PATH}/Podfile.lock",
				"${PODS_ROOT}/Manifest.lock",
			);
			name = "[CP] Check Pods Manifest.lock";
			outputPaths = (
				"$(DERIVED_FILE_DIR)/Pods-RxDemoApp-checkManifestLockResult.txt",
			);
			runOnlyForDeploymentPostprocessing = 0;
			shellPath = /bin/sh;
			shellScript = "diff \"${PODS_PODFILE_DIR_PATH}/Podfile.lock\" \"${PODS_ROOT}/Manifest.lock\" > /dev/null\nif [ $? != 0 ] ; then\n    # print error to STDERR\n    echo \"error: The sandbox is not in sync with the Podfile.lock. Run 'pod install' or update your CocoaPods installation.\" >&2\n    exit 1\nfi\n# This output is used by Xcode 'outputs' to avoid re-running this script phase.\necho \"SUCCESS\" > \"${SCRIPT_OUTPUT_FILE_0}\"\n";
			showEnvVarsInLog = 0;
		};
		9D5B01C375D55BB961FC47EF /* [CP] Embed Pods Frameworks */ = {
			isa = PBXShellScriptBuildPhase;
			buildActionMask = 2147483647;
			files = (
			);
			inputPaths = (
				"${SRCROOT}/Pods/Target Support Files/Pods-RxDemoApp/Pods-RxDemoApp-frameworks.sh",
				"${BUILT_PRODUCTS_DIR}/Alamofire/Alamofire.framework",
				"${BUILT_PRODUCTS_DIR}/AlamofireImage/AlamofireImage.framework",
				"${BUILT_PRODUCTS_DIR}/RxCocoa/RxCocoa.framework",
				"${BUILT_PRODUCTS_DIR}/RxSwift/RxSwift.framework",
			);
			name = "[CP] Embed Pods Frameworks";
			outputPaths = (
				"${TARGET_BUILD_DIR}/${FRAMEWORKS_FOLDER_PATH}/Alamofire.framework",
				"${TARGET_BUILD_DIR}/${FRAMEWORKS_FOLDER_PATH}/AlamofireImage.framework",
				"${TARGET_BUILD_DIR}/${FRAMEWORKS_FOLDER_PATH}/RxCocoa.framework",
				"${TARGET_BUILD_DIR}/${FRAMEWORKS_FOLDER_PATH}/RxSwift.framework",
			);
			runOnlyForDeploymentPostprocessing = 0;
			shellPath = /bin/sh;
			shellScript = "\"${SRCROOT}/Pods/Target Support Files/Pods-RxDemoApp/Pods-RxDemoApp-frameworks.sh\"\n";
			showEnvVarsInLog = 0;
		};
/* End PBXShellScriptBuildPhase section */

/* Begin PBXSourcesBuildPhase section */
		7CF4C33B215CD92400AB96E3 /* Sources */ = {
			isa = PBXSourcesBuildPhase;
			buildActionMask = 2147483647;
			files = (
				7C559689215D209900A3363B /* ViewControllersFactory.swift in Sources */,
				7C55967E215CFEE100A3363B /* EditProfileViewModel.swift in Sources */,
				7CF4C35B215CE3BF00AB96E3 /* User.swift in Sources */,
				7C559678215CFE9600A3363B /* UserProfileViewController.swift in Sources */,
				7C5596942160137D00A3363B /* AccountViewModel.swift in Sources */,
				7C559685215D04F600A3363B /* Extentions.swift in Sources */,
				7C559681215D015000A3363B /* SignupFieldsViewController.swift in Sources */,
				7C55968F215FD4E000A3363B /* UserManager.swift in Sources */,
				7CF4C345215CD92400AB96E3 /* SignUpViewController.swift in Sources */,
				7C5596922160134800A3363B /* AccountViewController.swift in Sources */,
				7C559683215D016900A3363B /* SignupFieldsViewModel.swift in Sources */,
				7CF4C358215CE3A700AB96E3 /* SignUpViewModel.swift in Sources */,
				7C55968D215EC53900A3363B /* Alamofire+rx.swift in Sources */,
				7CF4C343215CD92400AB96E3 /* AppDelegate.swift in Sources */,
				7C55968B215EC43300A3363B /* NetworkManager.swift in Sources */,
				7C55967A215CFEB300A3363B /* UserProfileViewModel.swift in Sources */,
				7C559687215D17F500A3363B /* Enums.swift in Sources */,
				7C55967C215CFECE00A3363B /* EditProfileViewController.swift in Sources */,
			);
			runOnlyForDeploymentPostprocessing = 0;
		};
/* End PBXSourcesBuildPhase section */

/* Begin PBXVariantGroup section */
		7CF4C346215CD92400AB96E3 /* Main.storyboard */ = {
			isa = PBXVariantGroup;
			children = (
				7CF4C347215CD92400AB96E3 /* Base */,
			);
			name = Main.storyboard;
			sourceTree = "<group>";
		};
		7CF4C34B215CD92600AB96E3 /* LaunchScreen.storyboard */ = {
			isa = PBXVariantGroup;
			children = (
				7CF4C34C215CD92600AB96E3 /* Base */,
			);
			name = LaunchScreen.storyboard;
			sourceTree = "<group>";
		};
/* End PBXVariantGroup section */

/* Begin XCBuildConfiguration section */
		7CF4C34F215CD92600AB96E3 /* Debug */ = {
			isa = XCBuildConfiguration;
			buildSettings = {
				ALWAYS_SEARCH_USER_PATHS = NO;
				CLANG_ANALYZER_NONNULL = YES;
				CLANG_ANALYZER_NUMBER_OBJECT_CONVERSION = YES_AGGRESSIVE;
				CLANG_CXX_LANGUAGE_STANDARD = "gnu++14";
				CLANG_CXX_LIBRARY = "libc++";
				CLANG_ENABLE_MODULES = YES;
				CLANG_ENABLE_OBJC_ARC = YES;
				CLANG_ENABLE_OBJC_WEAK = YES;
				CLANG_WARN_BLOCK_CAPTURE_AUTORELEASING = YES;
				CLANG_WARN_BOOL_CONVERSION = YES;
				CLANG_WARN_COMMA = YES;
				CLANG_WARN_CONSTANT_CONVERSION = YES;
				CLANG_WARN_DEPRECATED_OBJC_IMPLEMENTATIONS = YES;
				CLANG_WARN_DIRECT_OBJC_ISA_USAGE = YES_ERROR;
				CLANG_WARN_DOCUMENTATION_COMMENTS = YES;
				CLANG_WARN_EMPTY_BODY = YES;
				CLANG_WARN_ENUM_CONVERSION = YES;
				CLANG_WARN_INFINITE_RECURSION = YES;
				CLANG_WARN_INT_CONVERSION = YES;
				CLANG_WARN_NON_LITERAL_NULL_CONVERSION = YES;
				CLANG_WARN_OBJC_IMPLICIT_RETAIN_SELF = YES;
				CLANG_WARN_OBJC_LITERAL_CONVERSION = YES;
				CLANG_WARN_OBJC_ROOT_CLASS = YES_ERROR;
				CLANG_WARN_RANGE_LOOP_ANALYSIS = YES;
				CLANG_WARN_STRICT_PROTOTYPES = YES;
				CLANG_WARN_SUSPICIOUS_MOVE = YES;
				CLANG_WARN_UNGUARDED_AVAILABILITY = YES_AGGRESSIVE;
				CLANG_WARN_UNREACHABLE_CODE = YES;
				CLANG_WARN__DUPLICATE_METHOD_MATCH = YES;
				CODE_SIGN_IDENTITY = "iPhone Developer";
				COPY_PHASE_STRIP = NO;
				DEBUG_INFORMATION_FORMAT = dwarf;
				ENABLE_STRICT_OBJC_MSGSEND = YES;
				ENABLE_TESTABILITY = YES;
				GCC_C_LANGUAGE_STANDARD = gnu11;
				GCC_DYNAMIC_NO_PIC = NO;
				GCC_NO_COMMON_BLOCKS = YES;
				GCC_OPTIMIZATION_LEVEL = 0;
				GCC_PREPROCESSOR_DEFINITIONS = (
					"DEBUG=1",
					"$(inherited)",
				);
				GCC_WARN_64_TO_32_BIT_CONVERSION = YES;
				GCC_WARN_ABOUT_RETURN_TYPE = YES_ERROR;
				GCC_WARN_UNDECLARED_SELECTOR = YES;
				GCC_WARN_UNINITIALIZED_AUTOS = YES_AGGRESSIVE;
				GCC_WARN_UNUSED_FUNCTION = YES;
				GCC_WARN_UNUSED_VARIABLE = YES;
				IPHONEOS_DEPLOYMENT_TARGET = 12.0;
				MTL_ENABLE_DEBUG_INFO = INCLUDE_SOURCE;
				MTL_FAST_MATH = YES;
				ONLY_ACTIVE_ARCH = YES;
				SDKROOT = iphoneos;
				SWIFT_ACTIVE_COMPILATION_CONDITIONS = DEBUG;
				SWIFT_OPTIMIZATION_LEVEL = "-Onone";
			};
			name = Debug;
		};
		7CF4C350215CD92600AB96E3 /* Release */ = {
			isa = XCBuildConfiguration;
			buildSettings = {
				ALWAYS_SEARCH_USER_PATHS = NO;
				CLANG_ANALYZER_NONNULL = YES;
				CLANG_ANALYZER_NUMBER_OBJECT_CONVERSION = YES_AGGRESSIVE;
				CLANG_CXX_LANGUAGE_STANDARD = "gnu++14";
				CLANG_CXX_LIBRARY = "libc++";
				CLANG_ENABLE_MODULES = YES;
				CLANG_ENABLE_OBJC_ARC = YES;
				CLANG_ENABLE_OBJC_WEAK = YES;
				CLANG_WARN_BLOCK_CAPTURE_AUTORELEASING = YES;
				CLANG_WARN_BOOL_CONVERSION = YES;
				CLANG_WARN_COMMA = YES;
				CLANG_WARN_CONSTANT_CONVERSION = YES;
				CLANG_WARN_DEPRECATED_OBJC_IMPLEMENTATIONS = YES;
				CLANG_WARN_DIRECT_OBJC_ISA_USAGE = YES_ERROR;
				CLANG_WARN_DOCUMENTATION_COMMENTS = YES;
				CLANG_WARN_EMPTY_BODY = YES;
				CLANG_WARN_ENUM_CONVERSION = YES;
				CLANG_WARN_INFINITE_RECURSION = YES;
				CLANG_WARN_INT_CONVERSION = YES;
				CLANG_WARN_NON_LITERAL_NULL_CONVERSION = YES;
				CLANG_WARN_OBJC_IMPLICIT_RETAIN_SELF = YES;
				CLANG_WARN_OBJC_LITERAL_CONVERSION = YES;
				CLANG_WARN_OBJC_ROOT_CLASS = YES_ERROR;
				CLANG_WARN_RANGE_LOOP_ANALYSIS = YES;
				CLANG_WARN_STRICT_PROTOTYPES = YES;
				CLANG_WARN_SUSPICIOUS_MOVE = YES;
				CLANG_WARN_UNGUARDED_AVAILABILITY = YES_AGGRESSIVE;
				CLANG_WARN_UNREACHABLE_CODE = YES;
				CLANG_WARN__DUPLICATE_METHOD_MATCH = YES;
				CODE_SIGN_IDENTITY = "iPhone Developer";
				COPY_PHASE_STRIP = NO;
				DEBUG_INFORMATION_FORMAT = "dwarf-with-dsym";
				ENABLE_NS_ASSERTIONS = NO;
				ENABLE_STRICT_OBJC_MSGSEND = YES;
				GCC_C_LANGUAGE_STANDARD = gnu11;
				GCC_NO_COMMON_BLOCKS = YES;
				GCC_WARN_64_TO_32_BIT_CONVERSION = YES;
				GCC_WARN_ABOUT_RETURN_TYPE = YES_ERROR;
				GCC_WARN_UNDECLARED_SELECTOR = YES;
				GCC_WARN_UNINITIALIZED_AUTOS = YES_AGGRESSIVE;
				GCC_WARN_UNUSED_FUNCTION = YES;
				GCC_WARN_UNUSED_VARIABLE = YES;
				IPHONEOS_DEPLOYMENT_TARGET = 12.0;
				MTL_ENABLE_DEBUG_INFO = NO;
				MTL_FAST_MATH = YES;
				SDKROOT = iphoneos;
				SWIFT_COMPILATION_MODE = wholemodule;
				SWIFT_OPTIMIZATION_LEVEL = "-O";
				VALIDATE_PRODUCT = YES;
			};
			name = Release;
		};
		7CF4C352215CD92600AB96E3 /* Debug */ = {
			isa = XCBuildConfiguration;
			baseConfigurationReference = B91247757C83C1C47C380CA1 /* Pods-RxDemoApp.debug.xcconfig */;
			buildSettings = {
				ASSETCATALOG_COMPILER_APPICON_NAME = AppIcon;
				CODE_SIGN_STYLE = Automatic;
				DEVELOPMENT_TEAM = LWXCT592NE;
				INFOPLIST_FILE = RxDemoApp/Info.plist;
				LD_RUNPATH_SEARCH_PATHS = (
					"$(inherited)",
					"@executable_path/Frameworks",
				);
				PRODUCT_BUNDLE_IDENTIFIER = "gini-apps.RxDemoApp";
				PRODUCT_NAME = "$(TARGET_NAME)";
				SWIFT_VERSION = 4.2;
				TARGETED_DEVICE_FAMILY = "1,2";
			};
			name = Debug;
		};
		7CF4C353215CD92600AB96E3 /* Release */ = {
			isa = XCBuildConfiguration;
			baseConfigurationReference = 87DFDAABD63C09CD13F7F8CC /* Pods-RxDemoApp.release.xcconfig */;
			buildSettings = {
				ASSETCATALOG_COMPILER_APPICON_NAME = AppIcon;
				CODE_SIGN_STYLE = Automatic;
				DEVELOPMENT_TEAM = LWXCT592NE;
				INFOPLIST_FILE = RxDemoApp/Info.plist;
				LD_RUNPATH_SEARCH_PATHS = (
					"$(inherited)",
					"@executable_path/Frameworks",
				);
				PRODUCT_BUNDLE_IDENTIFIER = "gini-apps.RxDemoApp";
				PRODUCT_NAME = "$(TARGET_NAME)";
				SWIFT_VERSION = 4.2;
				TARGETED_DEVICE_FAMILY = "1,2";
			};
			name = Release;
		};
/* End XCBuildConfiguration section */

/* Begin XCConfigurationList section */
		7CF4C33A215CD92400AB96E3 /* Build configuration list for PBXProject "RxDemoApp" */ = {
			isa = XCConfigurationList;
			buildConfigurations = (
				7CF4C34F215CD92600AB96E3 /* Debug */,
				7CF4C350215CD92600AB96E3 /* Release */,
			);
			defaultConfigurationIsVisible = 0;
			defaultConfigurationName = Release;
		};
		7CF4C351215CD92600AB96E3 /* Build configuration list for PBXNativeTarget "RxDemoApp" */ = {
			isa = XCConfigurationList;
			buildConfigurations = (
				7CF4C352215CD92600AB96E3 /* Debug */,
				7CF4C353215CD92600AB96E3 /* Release */,
			);
			defaultConfigurationIsVisible = 0;
			defaultConfigurationName = Release;
		};
/* End XCConfigurationList section */
	};
	rootObject = 7CF4C337215CD92400AB96E3 /* Project object */;
}
